
Microsoft Visual Studio Solution File, Format Version 12.00
# Visual Studio Version 17
VisualStudioVersion = 17.11.35312.102
MinimumVisualStudioVersion = 10.0.40219.1
Project("{9A19103F-16F7-4668-BE54-9A1E7A4F7556}") = "Paperless", "Paperless\Paperless.csproj", "{3392569E-5679-44CB-AC09-311319018A92}"
EndProject
Project("{FAE04EC0-301F-11D3-BF4B-00C04F79EFBC}") = "Paperless_Frontend", "Paperless_Frontend\Paperless_Frontend.csproj", "{B5BCC899-C1EA-4CCD-9D19-A05035820363}"
EndProject
Global
	GlobalSection(SolutionConfigurationPlatforms) = preSolution
		Debug|Any CPU = Debug|Any CPU
		Release|Any CPU = Release|Any CPU
	EndGlobalSection
	GlobalSection(ProjectConfigurationPlatforms) = postSolution
		{3392569E-5679-44CB-AC09-311319018A92}.Debug|Any CPU.ActiveCfg = Debug|Any CPU
		{3392569E-5679-44CB-AC09-311319018A92}.Debug|Any CPU.Build.0 = Debug|Any CPU
		{3392569E-5679-44CB-AC09-311319018A92}.Release|Any CPU.ActiveCfg = Release|Any CPU
		{3392569E-5679-44CB-AC09-311319018A92}.Release|Any CPU.Build.0 = Release|Any CPU
		{B5BCC899-C1EA-4CCD-9D19-A05035820363}.Debug|Any CPU.ActiveCfg = Debug|Any CPU
		{B5BCC899-C1EA-4CCD-9D19-A05035820363}.Debug|Any CPU.Build.0 = Debug|Any CPU
		{B5BCC899-C1EA-4CCD-9D19-A05035820363}.Release|Any CPU.ActiveCfg = Release|Any CPU
		{B5BCC899-C1EA-4CCD-9D19-A05035820363}.Release|Any CPU.Build.0 = Release|Any CPU
	EndGlobalSection
	GlobalSection(SolutionProperties) = preSolution
		HideSolutionNode = FALSE
	EndGlobalSection
	GlobalSection(ExtensibilityGlobals) = postSolution
		SolutionGuid = {38D672E0-F994-4F59-9E10-124ED2EB8BFD}
	EndGlobalSection
EndGlobal
